// !$*UTF8*$!
{
	archiveVersion = 1;
	classes = {
	};
	objectVersion = 46;
	objects = {

/* Begin PBXBuildFile section */
		4872E8D01DD796C9005380B7 /* AppDelegate.swift in Sources */ = {isa = PBXBuildFile; fileRef = 4872E8CF1DD796C9005380B7 /* AppDelegate.swift */; };
		4872E8D21DD796C9005380B7 /* ViewController.swift in Sources */ = {isa = PBXBuildFile; fileRef = 4872E8D11DD796C9005380B7 /* ViewController.swift */; };
		4872E8D51DD796C9005380B7 /* Main.storyboard in Resources */ = {isa = PBXBuildFile; fileRef = 4872E8D31DD796C9005380B7 /* Main.storyboard */; };
		4872E8D81DD796C9005380B7 /* Prueba1.xcdatamodeld in Sources */ = {isa = PBXBuildFile; fileRef = 4872E8D61DD796C9005380B7 /* Prueba1.xcdatamodeld */; };
		4872E8DA1DD796C9005380B7 /* Assets.xcassets in Resources */ = {isa = PBXBuildFile; fileRef = 4872E8D91DD796C9005380B7 /* Assets.xcassets */; };
		4872E8DD1DD796C9005380B7 /* LaunchScreen.storyboard in Resources */ = {isa = PBXBuildFile; fileRef = 4872E8DB1DD796C9005380B7 /* LaunchScreen.storyboard */; };
		4872E8E81DD796CA005380B7 /* Prueba1Tests.swift in Sources */ = {isa = PBXBuildFile; fileRef = 4872E8E71DD796CA005380B7 /* Prueba1Tests.swift */; };
		4872E8F31DD796CA005380B7 /* Prueba1UITests.swift in Sources */ = {isa = PBXBuildFile; fileRef = 4872E8F21DD796CA005380B7 /* Prueba1UITests.swift */; };
/* End PBXBuildFile section */

/* Begin PBXContainerItemProxy section */
		4872E8E41DD796CA005380B7 /* PBXContainerItemProxy */ = {
			isa = PBXContainerItemProxy;
			containerPortal = 4872E8C41DD796C8005380B7 /* Project object */;
			proxyType = 1;
			remoteGlobalIDString = 4872E8CB1DD796C8005380B7;
			remoteInfo = Prueba1;
		};
		4872E8EF1DD796CA005380B7 /* PBXContainerItemProxy */ = {
			isa = PBXContainerItemProxy;
			containerPortal = 4872E8C41DD796C8005380B7 /* Project object */;
			proxyType = 1;
			remoteGlobalIDString = 4872E8CB1DD796C8005380B7;
			remoteInfo = Prueba1;
		};
/* End PBXContainerItemProxy section */

/* Begin PBXFileReference section */
		4872E8CC1DD796C9005380B7 /* Prueba1.app */ = {isa = PBXFileReference; explicitFileType = wrapper.application; includeInIndex = 0; path = Prueba1.app; sourceTree = BUILT_PRODUCTS_DIR; };
		4872E8CF1DD796C9005380B7 /* AppDelegate.swift */ = {isa = PBXFileReference; lastKnownFileType = sourcecode.swift; path = AppDelegate.swift; sourceTree = "<group>"; };
		4872E8D11DD796C9005380B7 /* ViewController.swift */ = {isa = PBXFileReference; lastKnownFileType = sourcecode.swift; path = ViewController.swift; sourceTree = "<group>"; };
		4872E8D41DD796C9005380B7 /* Base */ = {isa = PBXFileReference; lastKnownFileType = file.storyboard; name = Base; path = Base.lproj/Main.storyboard; sourceTree = "<group>"; };
		4872E8D71DD796C9005380B7 /* Prueba1.xcdatamodel */ = {isa = PBXFileReference; lastKnownFileType = wrapper.xcdatamodel; path = Prueba1.xcdatamodel; sourceTree = "<group>"; };
		4872E8D91DD796C9005380B7 /* Assets.xcassets */ = {isa = PBXFileReference; lastKnownFileType = folder.assetcatalog; path = Assets.xcassets; sourceTree = "<group>"; };
		4872E8DC1DD796C9005380B7 /* Base */ = {isa = PBXFileReference; lastKnownFileType = file.storyboard; name = Base; path = Base.lproj/LaunchScreen.storyboard; sourceTree = "<group>"; };
		4872E8DE1DD796C9005380B7 /* Info.plist */ = {isa = PBXFileReference; lastKnownFileType = text.plist.xml; path = Info.plist; sourceTree = "<group>"; };
		4872E8E31DD796CA005380B7 /* Prueba1Tests.xctest */ = {isa = PBXFileReference; explicitFileType = wrapper.cfbundle; includeInIndex = 0; path = Prueba1Tests.xctest; sourceTree = BUILT_PRODUCTS_DIR; };
		4872E8E71DD796CA005380B7 /* Prueba1Tests.swift */ = {isa = PBXFileReference; lastKnownFileType = sourcecode.swift; path = Prueba1Tests.swift; sourceTree = "<group>"; };
		4872E8E91DD796CA005380B7 /* Info.plist */ = {isa = PBXFileReference; lastKnownFileType = text.plist.xml; path = Info.plist; sourceTree = "<group>"; };
		4872E8EE1DD796CA005380B7 /* Prueba1UITests.xctest */ = {isa = PBXFileReference; explicitFileType = wrapper.cfbundle; includeInIndex = 0; path = Prueba1UITests.xctest; sourceTree = BUILT_PRODUCTS_DIR; };
		4872E8F21DD796CA005380B7 /* Prueba1UITests.swift */ = {isa = PBXFileReference; lastKnownFileType = sourcecode.swift; path = Prueba1UITests.swift; sourceTree = "<group>"; };
		4872E8F41DD796CA005380B7 /* Info.plist */ = {isa = PBXFileReference; lastKnownFileType = text.plist.xml; path = Info.plist; sourceTree = "<group>"; };
/* End PBXFileReference section */

/* Begin PBXFrameworksBuildPhase section */
		4872E8C91DD796C8005380B7 /* Frameworks */ = {
			isa = PBXFrameworksBuildPhase;
			buildActionMask = 2147483647;
			files = (
			);
			runOnlyForDeploymentPostprocessing = 0;
		};
		4872E8E01DD796CA005380B7 /* Frameworks */ = {
			isa = PBXFrameworksBuildPhase;
			buildActionMask = 2147483647;
			files = (
			);
			runOnlyForDeploymentPostprocessing = 0;
		};
		4872E8EB1DD796CA005380B7 /* Frameworks */ = {
			isa = PBXFrameworksBuildPhase;
			buildActionMask = 2147483647;
			files = (
			);
			runOnlyForDeploymentPostprocessing = 0;
		};
/* End PBXFrameworksBuildPhase section */

/* Begin PBXGroup section */
		4872E8C31DD796C8005380B7 = {
			isa = PBXGroup;
			children = (
				4872E8CE1DD796C9005380B7 /* Prueba1 */,
				4872E8E61DD796CA005380B7 /* Prueba1Tests */,
				4872E8F11DD796CA005380B7 /* Prueba1UITests */,
				4872E8CD1DD796C9005380B7 /* Products */,
			);
			sourceTree = "<group>";
		};
		4872E8CD1DD796C9005380B7 /* Products */ = {
			isa = PBXGroup;
			children = (
				4872E8CC1DD796C9005380B7 /* Prueba1.app */,
				4872E8E31DD796CA005380B7 /* Prueba1Tests.xctest */,
				4872E8EE1DD796CA005380B7 /* Prueba1UITests.xctest */,
			);
			name = Products;
			sourceTree = "<group>";
		};
		4872E8CE1DD796C9005380B7 /* Prueba1 */ = {
			isa = PBXGroup;
			children = (
				4872E8CF1DD796C9005380B7 /* AppDelegate.swift */,
				4872E8D11DD796C9005380B7 /* ViewController.swift */,
				4872E8D31DD796C9005380B7 /* Main.storyboard */,
				4872E8D91DD796C9005380B7 /* Assets.xcassets */,
				4872E8DB1DD796C9005380B7 /* LaunchScreen.storyboard */,
				4872E8DE1DD796C9005380B7 /* Info.plist */,
				4872E8D61DD796C9005380B7 /* Prueba1.xcdatamodeld */,
			);
			path = Prueba1;
			sourceTree = "<group>";
		};
		4872E8E61DD796CA005380B7 /* Prueba1Tests */ = {
			isa = PBXGroup;
			children = (
				4872E8E71DD796CA005380B7 /* Prueba1Tests.swift */,
				4872E8E91DD796CA005380B7 /* Info.plist */,
			);
			path = Prueba1Tests;
			sourceTree = "<group>";
		};
		4872E8F11DD796CA005380B7 /* Prueba1UITests */ = {
			isa = PBXGroup;
			children = (
				4872E8F21DD796CA005380B7 /* Prueba1UITests.swift */,
				4872E8F41DD796CA005380B7 /* Info.plist */,
			);
			path = Prueba1UITests;
			sourceTree = "<group>";
		};
/* End PBXGroup section */

/* Begin PBXNativeTarget section */
		4872E8CB1DD796C8005380B7 /* Prueba1 */ = {
			isa = PBXNativeTarget;
			buildConfigurationList = 4872E8F71DD796CA005380B7 /* Build configuration list for PBXNativeTarget "Prueba1" */;
			buildPhases = (
				4872E8C81DD796C8005380B7 /* Sources */,
				4872E8C91DD796C8005380B7 /* Frameworks */,
				4872E8CA1DD796C8005380B7 /* Resources */,
			);
			buildRules = (
			);
			dependencies = (
			);
			name = Prueba1;
			productName = Prueba1;
			productReference = 4872E8CC1DD796C9005380B7 /* Prueba1.app */;
			productType = "com.apple.product-type.application";
		};
		4872E8E21DD796CA005380B7 /* Prueba1Tests */ = {
			isa = PBXNativeTarget;
			buildConfigurationList = 4872E8FA1DD796CA005380B7 /* Build configuration list for PBXNativeTarget "Prueba1Tests" */;
			buildPhases = (
				4872E8DF1DD796CA005380B7 /* Sources */,
				4872E8E01DD796CA005380B7 /* Frameworks */,
				4872E8E11DD796CA005380B7 /* Resources */,
			);
			buildRules = (
			);
			dependencies = (
				4872E8E51DD796CA005380B7 /* PBXTargetDependency */,
			);
			name = Prueba1Tests;
			productName = Prueba1Tests;
			productReference = 4872E8E31DD796CA005380B7 /* Prueba1Tests.xctest */;
			productType = "com.apple.product-type.bundle.unit-test";
		};
		4872E8ED1DD796CA005380B7 /* Prueba1UITests */ = {
			isa = PBXNativeTarget;
			buildConfigurationList = 4872E8FD1DD796CA005380B7 /* Build configuration list for PBXNativeTarget "Prueba1UITests" */;
			buildPhases = (
				4872E8EA1DD796CA005380B7 /* Sources */,
				4872E8EB1DD796CA005380B7 /* Frameworks */,
				4872E8EC1DD796CA005380B7 /* Resources */,
			);
			buildRules = (
			);
			dependencies = (
				4872E8F01DD796CA005380B7 /* PBXTargetDependency */,
			);
			name = Prueba1UITests;
			productName = Prueba1UITests;
			productReference = 4872E8EE1DD796CA005380B7 /* Prueba1UITests.xctest */;
			productType = "com.apple.product-type.bundle.ui-testing";
		};
/* End PBXNativeTarget section */

/* Begin PBXProject section */
		4872E8C41DD796C8005380B7 /* Project object */ = {
			isa = PBXProject;
			attributes = {
				LastSwiftUpdateCheck = 0810;
				LastUpgradeCheck = 0810;
				ORGANIZATIONNAME = capitan;
				TargetAttributes = {
					4872E8CB1DD796C8005380B7 = {
						CreatedOnToolsVersion = 8.1;
						ProvisioningStyle = Automatic;
					};
					4872E8E21DD796CA005380B7 = {
						CreatedOnToolsVersion = 8.1;
						ProvisioningStyle = Automatic;
						TestTargetID = 4872E8CB1DD796C8005380B7;
					};
					4872E8ED1DD796CA005380B7 = {
						CreatedOnToolsVersion = 8.1;
						ProvisioningStyle = Automatic;
						TestTargetID = 4872E8CB1DD796C8005380B7;
					};
				};
			};
			buildConfigurationList = 4872E8C71DD796C8005380B7 /* Build configuration list for PBXProject "Prueba1" */;
			compatibilityVersion = "Xcode 3.2";
			developmentRegion = English;
			hasScannedForEncodings = 0;
			knownRegions = (
				en,
				Base,
			);
			mainGroup = 4872E8C31DD796C8005380B7;
			productRefGroup = 4872E8CD1DD796C9005380B7 /* Products */;
			projectDirPath = "";
			projectRoot = "";
			targets = (
				4872E8CB1DD796C8005380B7 /* Prueba1 */,
				4872E8E21DD796CA005380B7 /* Prueba1Tests */,
				4872E8ED1DD796CA005380B7 /* Prueba1UITests */,
			);
		};
/* End PBXProject section */

/* Begin PBXResourcesBuildPhase section */
		4872E8CA1DD796C8005380B7 /* Resources */ = {
			isa = PBXResourcesBuildPhase;
			buildActionMask = 2147483647;
			files = (
				4872E8DD1DD796C9005380B7 /* LaunchScreen.storyboard in Resources */,
				4872E8DA1DD796C9005380B7 /* Assets.xcassets in Resources */,
				4872E8D51DD796C9005380B7 /* Main.storyboard in Resources */,
			);
			runOnlyForDeploymentPostprocessing = 0;
		};
		4872E8E11DD796CA005380B7 /* Resources */ = {
			isa = PBXResourcesBuildPhase;
			buildActionMask = 2147483647;
			files = (
			);
			runOnlyForDeploymentPostprocessing = 0;
		};
		4872E8EC1DD796CA005380B7 /* Resources */ = {
			isa = PBXResourcesBuildPhase;
			buildActionMask = 2147483647;
			files = (
			);
			runOnlyForDeploymentPostprocessing = 0;
		};
/* End PBXResourcesBuildPhase section */

/* Begin PBXSourcesBuildPhase section */
		4872E8C81DD796C8005380B7 /* Sources */ = {
			isa = PBXSourcesBuildPhase;
			buildActionMask = 2147483647;
			files = (
				4872E8D21DD796C9005380B7 /* ViewController.swift in Sources */,
				4872E8D81DD796C9005380B7 /* Prueba1.xcdatamodeld in Sources */,
				4872E8D01DD796C9005380B7 /* AppDelegate.swift in Sources */,
			);
			runOnlyForDeploymentPostprocessing = 0;
		};
		4872E8DF1DD796CA005380B7 /* Sources */ = {
			isa = PBXSourcesBuildPhase;
			buildActionMask = 2147483647;
			files = (
				4872E8E81DD796CA005380B7 /* Prueba1Tests.swift in Sources */,
			);
			runOnlyForDeploymentPostprocessing = 0;
		};
		4872E8EA1DD796CA005380B7 /* Sources */ = {
			isa = PBXSourcesBuildPhase;
			buildActionMask = 2147483647;
			files = (
				4872E8F31DD796CA005380B7 /* Prueba1UITests.swift in Sources */,
			);
			runOnlyForDeploymentPostprocessing = 0;
		};
/* End PBXSourcesBuildPhase section */

/* Begin PBXTargetDependency section */
		4872E8E51DD796CA005380B7 /* PBXTargetDependency */ = {
			isa = PBXTargetDependency;
			target = 4872E8CB1DD796C8005380B7 /* Prueba1 */;
			targetProxy = 4872E8E41DD796CA005380B7 /* PBXContainerItemProxy */;
		};
		4872E8F01DD796CA005380B7 /* PBXTargetDependency */ = {
			isa = PBXTargetDependency;
			target = 4872E8CB1DD796C8005380B7 /* Prueba1 */;
			targetProxy = 4872E8EF1DD796CA005380B7 /* PBXContainerItemProxy */;
		};
/* End PBXTargetDependency section */

/* Begin PBXVariantGroup section */
		4872E8D31DD796C9005380B7 /* Main.storyboard */ = {
			isa = PBXVariantGroup;
			children = (
				4872E8D41DD796C9005380B7 /* Base */,
			);
			name = Main.storyboard;
			sourceTree = "<group>";
		};
		4872E8DB1DD796C9005380B7 /* LaunchScreen.storyboard */ = {
			isa = PBXVariantGroup;
			children = (
				4872E8DC1DD796C9005380B7 /* Base */,
			);
			name = LaunchScreen.storyboard;
			sourceTree = "<group>";
		};
/* End PBXVariantGroup section */

/* Begin XCBuildConfiguration section */
		4872E8F51DD796CA005380B7 /* Debug */ = {
			isa = XCBuildConfiguration;
			buildSettings = {
				ALWAYS_SEARCH_USER_PATHS = NO;
				CLANG_ANALYZER_NONNULL = YES;
				CLANG_CXX_LANGUAGE_STANDARD = "gnu++0x";
				CLANG_CXX_LIBRARY = "libc++";
				CLANG_ENABLE_MODULES = YES;
				CLANG_ENABLE_OBJC_ARC = YES;
				CLANG_WARN_BOOL_CONVERSION = YES;
				CLANG_WARN_CONSTANT_CONVERSION = YES;
				CLANG_WARN_DIRECT_OBJC_ISA_USAGE = YES_ERROR;
				CLANG_WARN_DOCUMENTATION_COMMENTS = YES;
				CLANG_WARN_EMPTY_BODY = YES;
				CLANG_WARN_ENUM_CONVERSION = YES;
				CLANG_WARN_INFINITE_RECURSION = YES;
				CLANG_WARN_INT_CONVERSION = YES;
				CLANG_WARN_OBJC_ROOT_CLASS = YES_ERROR;
				CLANG_WARN_SUSPICIOUS_MOVES = YES;
				CLANG_WARN_UNREACHABLE_CODE = YES;
				CLANG_WARN__DUPLICATE_METHOD_MATCH = YES;
				"CODE_SIGN_IDENTITY[sdk=iphoneos*]" = "iPhone Developer";
				COPY_PHASE_STRIP = NO;
				DEBUG_INFORMATION_FORMAT = dwarf;
				ENABLE_STRICT_OBJC_MSGSEND = YES;
				ENABLE_TESTABILITY = YES;
				GCC_C_LANGUAGE_STANDARD = gnu99;
				GCC_DYNAMIC_NO_PIC = NO;
				GCC_NO_COMMON_BLOCKS = YES;
				GCC_OPTIMIZATION_LEVEL = 0;
				GCC_PREPROCESSOR_DEFINITIONS = (
					"DEBUG=1",
					"$(inherited)",
				);
				GCC_WARN_64_TO_32_BIT_CONVERSION = YES;
				GCC_WARN_ABOUT_RETURN_TYPE = YES_ERROR;
				GCC_WARN_UNDECLARED_SELECTOR = YES;
				GCC_WARN_UNINITIALIZED_AUTOS = YES_AGGRESSIVE;
				GCC_WARN_UNUSED_FUNCTION = YES;
				GCC_WARN_UNUSED_VARIABLE = YES;
				IPHONEOS_DEPLOYMENT_TARGET = 10.1;
				MTL_ENABLE_DEBUG_INFO = YES;
				ONLY_ACTIVE_ARCH = YES;
				SDKROOT = iphoneos;
				SWIFT_ACTIVE_COMPILATION_CONDITIONS = DEBUG;
				SWIFT_OPTIMIZATION_LEVEL = "-Onone";
			};
			name = Debug;
		};
		4872E8F61DD796CA005380B7 /* Release */ = {
			isa = XCBuildConfiguration;
			buildSettings = {
				ALWAYS_SEARCH_USER_PATHS = NO;
				CLANG_ANALYZER_NONNULL = YES;
				CLANG_CXX_LANGUAGE_STANDARD = "gnu++0x";
				CLANG_CXX_LIBRARY = "libc++";
				CLANG_ENABLE_MODULES = YES;
				CLANG_ENABLE_OBJC_ARC = YES;
				CLANG_WARN_BOOL_CONVERSION = YES;
				CLANG_WARN_CONSTANT_CONVERSION = YES;
				CLANG_WARN_DIRECT_OBJC_ISA_USAGE = YES_ERROR;
				CLANG_WARN_DOCUMENTATION_COMMENTS = YES;
				CLANG_WARN_EMPTY_BODY = YES;
				CLANG_WARN_ENUM_CONVERSION = YES;
				CLANG_WARN_INFINITE_RECURSION = YES;
				CLANG_WARN_INT_CONVERSION = YES;
				CLANG_WARN_OBJC_ROOT_CLASS = YES_ERROR;
				CLANG_WARN_SUSPICIOUS_MOVES = YES;
				CLANG_WARN_UNREACHABLE_CODE = YES;
				CLANG_WARN__DUPLICATE_METHOD_MATCH = YES;
				"CODE_SIGN_IDENTITY[sdk=iphoneos*]" = "iPhone Developer";
				COPY_PHASE_STRIP = NO;
				DEBUG_INFORMATION_FORMAT = "dwarf-with-dsym";
				ENABLE_NS_ASSERTIONS = NO;
				ENABLE_STRICT_OBJC_MSGSEND = YES;
				GCC_C_LANGUAGE_STANDARD = gnu99;
				GCC_NO_COMMON_BLOCKS = YES;
				GCC_WARN_64_TO_32_BIT_CONVERSION = YES;
				GCC_WARN_ABOUT_RETURN_TYPE = YES_ERROR;
				GCC_WARN_UNDECLARED_SELECTOR = YES;
				GCC_WARN_UNINITIALIZED_AUTOS = YES_AGGRESSIVE;
				GCC_WARN_UNUSED_FUNCTION = YES;
				GCC_WARN_UNUSED_VARIABLE = YES;
				IPHONEOS_DEPLOYMENT_TARGET = 10.1;
				MTL_ENABLE_DEBUG_INFO = NO;
				SDKROOT = iphoneos;
				SWIFT_OPTIMIZATION_LEVEL = "-Owholemodule";
				VALIDATE_PRODUCT = YES;
			};
			name = Release;
		};
		4872E8F81DD796CA005380B7 /* Debug */ = {
			isa = XCBuildConfiguration;
			buildSettings = {
				ASSETCATALOG_COMPILER_APPICON_NAME = AppIcon;
				INFOPLIST_FILE = Prueba1/Info.plist;
				LD_RUNPATH_SEARCH_PATHS = "$(inherited) @executable_path/Frameworks";
				PRODUCT_BUNDLE_IDENTIFIER = personal.Prueba1;
				PRODUCT_NAME = "$(TARGET_NAME)";
				SWIFT_VERSION = 3.0;
			};
			name = Debug;
		};
		4872E8F91DD796CA005380B7 /* Release */ = {
			isa = XCBuildConfiguration;
			buildSettings = {
				ASSETCATALOG_COMPILER_APPICON_NAME = AppIcon;
				INFOPLIST_FILE = Prueba1/Info.plist;
				LD_RUNPATH_SEARCH_PATHS = "$(inherited) @executable_path/Frameworks";
				PRODUCT_BUNDLE_IDENTIFIER = personal.Prueba1;
				PRODUCT_NAME = "$(TARGET_NAME)";
				SWIFT_VERSION = 3.0;
			};
			name = Release;
		};
		4872E8FB1DD796CA005380B7 /* Debug */ = {
			isa = XCBuildConfiguration;
			buildSettings = {
				ALWAYS_EMBED_SWIFT_STANDARD_LIBRARIES = YES;
				BUNDLE_LOADER = "$(TEST_HOST)";
				INFOPLIST_FILE = Prueba1Tests/Info.plist;
				LD_RUNPATH_SEARCH_PATHS = "$(inherited) @executable_path/Frameworks @loader_path/Frameworks";
				PRODUCT_BUNDLE_IDENTIFIER = personal.Prueba1Tests;
				PRODUCT_NAME = "$(TARGET_NAME)";
				SWIFT_VERSION = 3.0;
				TEST_HOST = "$(BUILT_PRODUCTS_DIR)/Prueba1.app/Prueba1";
			};
			name = Debug;
		};
		4872E8FC1DD796CA005380B7 /* Release */ = {
			isa = XCBuildConfiguration;
			buildSettings = {
				ALWAYS_EMBED_SWIFT_STANDARD_LIBRARIES = YES;
				BUNDLE_LOADER = "$(TEST_HOST)";
				INFOPLIST_FILE = Prueba1Tests/Info.plist;
				LD_RUNPATH_SEARCH_PATHS = "$(inherited) @executable_path/Frameworks @loader_path/Frameworks";
				PRODUCT_BUNDLE_IDENTIFIER = personal.Prueba1Tests;
				PRODUCT_NAME = "$(TARGET_NAME)";
				SWIFT_VERSION = 3.0;
				TEST_HOST = "$(BUILT_PRODUCTS_DIR)/Prueba1.app/Prueba1";
			};
			name = Release;
		};
		4872E8FE1DD796CA005380B7 /* Debug */ = {
			isa = XCBuildConfiguration;
			buildSettings = {
				ALWAYS_EMBED_SWIFT_STANDARD_LIBRARIES = YES;
				INFOPLIST_FILE = Prueba1UITests/Info.plist;
				LD_RUNPATH_SEARCH_PATHS = "$(inherited) @executable_path/Frameworks @loader_path/Frameworks";
				PRODUCT_BUNDLE_IDENTIFIER = personal.Prueba1UITests;
				PRODUCT_NAME = "$(TARGET_NAME)";
				SWIFT_VERSION = 3.0;
				TEST_TARGET_NAME = Prueba1;
			};
			name = Debug;
		};
		4872E8FF1DD796CA005380B7 /* Release */ = {
			isa = XCBuildConfiguration;
			buildSettings = {
				ALWAYS_EMBED_SWIFT_STANDARD_LIBRARIES = YES;
				INFOPLIST_FILE = Prueba1UITests/Info.plist;
				LD_RUNPATH_SEARCH_PATHS = "$(inherited) @executable_path/Frameworks @loader_path/Frameworks";
				PRODUCT_BUNDLE_IDENTIFIER = personal.Prueba1UITests;
				PRODUCT_NAME = "$(TARGET_NAME)";
				SWIFT_VERSION = 3.0;
				TEST_TARGET_NAME = Prueba1;
			};
			name = Release;
		};
/* End XCBuildConfiguration section */

/* Begin XCConfigurationList section */
		4872E8C71DD796C8005380B7 /* Build configuration list for PBXProject "Prueba1" */ = {
			isa = XCConfigurationList;
			buildConfigurations = (
				4872E8F51DD796CA005380B7 /* Debug */,
				4872E8F61DD796CA005380B7 /* Release */,
			);
			defaultConfigurationIsVisible = 0;
			defaultConfigurationName = Release;
		};
		4872E8F71DD796CA005380B7 /* Build configuration list for PBXNativeTarget "Prueba1" */ = {
			isa = XCConfigurationList;
			buildConfigurations = (
				4872E8F81DD796CA005380B7 /* Debug */,
				4872E8F91DD796CA005380B7 /* Release */,
			);
			defaultConfigurationIsVisible = 0;
		};
		4872E8FA1DD796CA005380B7 /* Build configuration list for PBXNativeTarget "Prueba1Tests" */ = {
			isa = XCConfigurationList;
			buildConfigurations = (
				4872E8FB1DD796CA005380B7 /* Debug */,
				4872E8FC1DD796CA005380B7 /* Release */,
			);
			defaultConfigurationIsVisible = 0;
		};
		4872E8FD1DD796CA005380B7 /* Build configuration list for PBXNativeTarget "Prueba1UITests" */ = {
			isa = XCConfigurationList;
			buildConfigurations = (
				4872E8FE1DD796CA005380B7 /* Debug */,
				4872E8FF1DD796CA005380B7 /* Release */,
			);
			defaultConfigurationIsVisible = 0;
		};
/* End XCConfigurationList section */

/* Begin XCVersionGroup section */
		4872E8D61DD796C9005380B7 /* Prueba1.xcdatamodeld */ = {
			isa = XCVersionGroup;
			children = (
				4872E8D71DD796C9005380B7 /* Prueba1.xcdatamodel */,
			);
			currentVersion = 4872E8D71DD796C9005380B7 /* Prueba1.xcdatamodel */;
			path = Prueba1.xcdatamodeld;
			sourceTree = "<group>";
			versionGroupType = wrapper.xcdatamodel;
		};
/* End XCVersionGroup section */
	};
	rootObject = 4872E8C41DD796C8005380B7 /* Project object */;
}
